{
  "name": "acorn-demo",
  "version": "1.0.0",
  "lockfileVersion": 2,
  "requires": true,
  "packages": {
    "": {
      "name": "acorn-demo",
      "version": "1.0.0",
      "license": "MIT",
      "devDependencies": {
        "acorn": "^6.4.2",
        "acorn-bigint": "^1.0.0",
        "acorn-jsx": "^5.3.2",
        "babel-node": "^0.0.1-security"
      }
    },
    "node_modules/acorn": {
      "version": "6.4.2",
      "resolved": "https://registry.npmjs.org/acorn/-/acorn-6.4.2.tgz",
      "integrity": "sha512-XtGIhXwF8YM8bJhGxG5kXgjkEuNGLTkoYqVE+KMR+aspr4KGYmKYg7yUe3KghyQ9yheNwLnjmzh/7+gfDBmHCQ==",
      "dev": true,
      "bin": {
        "acorn": "bin/acorn"
      },
      "engines": {
        "node": ">=0.4.0"
      }
    },
    "node_modules/acorn-bigint": {
      "version": "1.0.0",
      "resolved": "https://registry.npmjs.org/acorn-bigint/-/acorn-bigint-1.0.0.tgz",
      "integrity": "sha512-AEbe7S7TA5Y89pbc+g5kjWcG/9CiW+fYBKQRd2+ihwCgp8cIol1J5ewHsQOCAIs+K3KEmpaLQixoAyy0sLkSJg==",
      "deprecated": "acorn>=6.2 supports bigint",
      "dev": true,
      "engines": {
        "node": ">=4.8.2"
      },
      "peerDependencies": {
        "acorn": "^6.0.0"
      }
    },
    "node_modules/acorn-jsx": {
      "version": "5.3.2",
      "resolved": "https://registry.npmjs.org/acorn-jsx/-/acorn-jsx-5.3.2.tgz",
      "integrity": "sha512-rq9s+JNhf0IChjtDXxllJ7g41oZk5SlXtp0LHwyA5cejwn7vKmKp4pPri6YEePv2PU65sAsegbXtIinmDFDXgQ==",
      "dev": true,
      "peerDependencies": {
        "acorn": "^6.0.0 || ^7.0.0 || ^8.0.0"
      }
    },
    "node_modules/babel-node": {
      "version": "0.0.1-security",
      "resolved": "https://registry.npmjs.org/babel-node/-/babel-node-0.0.1-security.tgz",
      "integrity": "sha512-zF3D9H2FA2xrP+B/X462G+38aHpmR+33jBF7NowfPuV4CiPEzAR1Typ1RC+qPfe0vCeWeV0FLG2pfVGb0vIfeg==",
      "dev": true
    }
  },
  "dependencies": {
    "acorn": {
      "version": "6.4.2",
      "resolved": "https://registry.npmjs.org/acorn/-/acorn-6.4.2.tgz",
      "integrity": "sha512-XtGIhXwF8YM8bJhGxG5kXgjkEuNGLTkoYqVE+KMR+aspr4KGYmKYg7yUe3KghyQ9yheNwLnjmzh/7+gfDBmHCQ==",
      "dev": true
    },
    "acorn-bigint": {
      "version": "1.0.0",
      "resolved": "https://registry.npmjs.org/acorn-bigint/-/acorn-bigint-1.0.0.tgz",
      "integrity": "sha512-AEbe7S7TA5Y89pbc+g5kjWcG/9CiW+fYBKQRd2+ihwCgp8cIol1J5ewHsQOCAIs+K3KEmpaLQixoAyy0sLkSJg==",
      "dev": true,
      "requires": {}
    },
    "acorn-jsx": {
      "version": "5.3.2",
      "resolved": "https://registry.npmjs.org/acorn-jsx/-/acorn-jsx-5.3.2.tgz",
      "integrity": "sha512-rq9s+JNhf0IChjtDXxllJ7g41oZk5SlXtp0LHwyA5cejwn7vKmKp4pPri6YEePv2PU65sAsegbXtIinmDFDXgQ==",
      "dev": true,
      "requires": {}
    },
    "babel-node": {
      "version": "0.0.1-security",
      "resolved": "https://registry.npmjs.org/babel-node/-/babel-node-0.0.1-security.tgz",
      "integrity": "sha512-zF3D9H2FA2xrP+B/X462G+38aHpmR+33jBF7NowfPuV4CiPEzAR1Typ1RC+qPfe0vCeWeV0FLG2pfVGb0vIfeg==",
      "dev": true
    }
  }
}
